
Microsoft Visual Studio Solution File, Format Version 11.00
# Visual Studio 2010
Project("{2150E333-8FDC-42A3-9474-1A3956D46DE8}") = "CommonDLL", "CommonDLL", "{66A12A11-802B-4277-879F-10655CA9A592}"
EndProject
Project("{2150E333-8FDC-42A3-9474-1A3956D46DE8}") = "MainExe", "MainExe", "{72BBD823-7C80-4931-AF36-2E8A1A879450}"
EndProject
Project("{2150E333-8FDC-42A3-9474-1A3956D46DE8}") = "PartDLL", "PartDLL", "{73B09B64-4DCD-4B1C-99AC-EC6A8E170BBE}"
EndProject
Project("{F184B08F-C81C-45F6-A57F-5ABD9991F28F}") = "AxAckCalcResult", "CommonDLL\AxAckCalcResult\AxAckCalcResult.vbproj", "{C5ACECA6-8DD6-4737-A2C6-069BED71CAEE}"
EndProject
Project("{F184B08F-C81C-45F6-A57F-5ABD9991F28F}") = "AxAckCollector", "CommonDLL\AxAckCollector\AxAckCollector.vbproj", "{C65718EF-9C4C-4736-A3B3-3ABFADEA7E11}"
EndProject
Project("{F184B08F-C81C-45F6-A57F-5ABD9991F28F}") = "AxAckItemSave", "CommonDLL\AxAckItemSave\AxAckItemSave.vbproj", "{D58641C7-E10E-4945-A98A-68BE38733F85}"
EndProject
Project("{F184B08F-C81C-45F6-A57F-5ABD9991F28F}") = "AxAckNumericTextBox", "CommonDLL\AxAckNumericTextBox\AxAckNumericTextBox.vbproj", "{CCB497F1-B4C6-46FF-8B5D-DD42AA572EC4}"
EndProject
Project("{F184B08F-C81C-45F6-A57F-5ABD9991F28F}") = "AxAckPatientInfo", "CommonDLL\AxAckPatientInfo\AxAckPatientInfo.vbproj", "{E94524CD-8C2B-4AE4-AEC2-E299C019F495}"
EndProject
Project("{F184B08F-C81C-45F6-A57F-5ABD9991F28F}") = "AxAckPrinterSetting", "CommonDLL\AxAckPrinterSetting\AxAckPrinterSetting.vbproj", "{F6AD16DA-0F99-4DB5-B36F-A6D84F0E1334}"
EndProject
Project("{F184B08F-C81C-45F6-A57F-5ABD9991F28F}") = "AxAckResult", "CommonDLL\AxAckResult\AxAckResult.vbproj", "{C358B5A9-ADE1-46C9-A575-29F8A9CF27B9}"
EndProject
Project("{F184B08F-C81C-45F6-A57F-5ABD9991F28F}") = "AxAckResultViewer", "CommonDLL\AxAckResultViewer\AxAckResultViewer.vbproj", "{3CB5750D-7316-403D-BA70-6BB7E5F96983}"
EndProject
Project("{F184B08F-C81C-45F6-A57F-5ABD9991F28F}") = "AxAckRichTextBox", "CommonDLL\AxAckRichTextBox\AxAckRichTextBox.vbproj", "{8B9CED5D-BCF8-4F3B-A904-1D048D339E76}"
EndProject
Project("{F184B08F-C81C-45F6-A57F-5ABD9991F28F}") = "AxAckSortSpd", "CommonDLL\AxAckSortSpd\AxAckSortSpd.vbproj", "{2D9AC22B-9EC9-4C4A-8C70-78C5283E5055}"
EndProject
Project("{F184B08F-C81C-45F6-A57F-5ABD9991F28F}") = "BCPRT01", "CommonDLL\BCPRT01\BCPRT01.vbproj", "{60871DDE-EB13-4300-B6A7-C0E7CC3E052F}"
EndProject
Project("{F184B08F-C81C-45F6-A57F-5ABD9991F28F}") = "CDHELP", "CommonDLL\CDHELP\CDHELP.vbproj", "{4DFD3F8C-9D7A-41EF-848A-96515EF162D9}"
EndProject
Project("{F184B08F-C81C-45F6-A57F-5ABD9991F28F}") = "COMMON", "CommonDLL\COMMON\COMMON.vbproj", "{540F18C0-1B89-4386-9DDB-AF22D046EED8}"
EndProject
Project("{F184B08F-C81C-45F6-A57F-5ABD9991F28F}") = "DBORA", "CommonDLL\DBORA\DBORA.vbproj", "{52565849-5C40-42BD-B218-A932D842FAE6}"
EndProject
Project("{F184B08F-C81C-45F6-A57F-5ABD9991F28F}") = "LISAPP", "CommonDLL\LISAPP\LISAPP.vbproj", "{346670D4-73AC-4B37-B4DE-24003753BB34}"
EndProject
Project("{F184B08F-C81C-45F6-A57F-5ABD9991F28F}") = "LISLOGIN", "CommonDLL\LISLOGIN\LISLOGIN.vbproj", "{165FF276-8709-47EF-9431-B83F2078EDA9}"
EndProject
Project("{F184B08F-C81C-45F6-A57F-5ABD9991F28F}") = "OCSAPP", "CommonDLL\OCSAPP\OCSAPP.vbproj", "{566906D0-9D38-4071-B9A9-840D9A0197FD}"
EndProject
Project("{F184B08F-C81C-45F6-A57F-5ABD9991F28F}") = "POPUPPRT", "CommonDLL\POPUPPRT\POPUPPRT.vbproj", "{12C24F25-281C-4311-B84D-0CE505C6DE31}"
EndProject
Project("{F184B08F-C81C-45F6-A57F-5ABD9991F28F}") = "POPUPWIN", "CommonDLL\POPUPWIN\POPUPWIN.vbproj", "{43FF45A9-6800-466C-934B-A7B923D62EE4}"
EndProject
Project("{F184B08F-C81C-45F6-A57F-5ABD9991F28F}") = "PRTAPP", "CommonDLL\PRTAPP\PRTAPP.vbproj", "{6A6AE9F9-3BCB-4DC8-9553-545D95C4FAAB}"
EndProject
Project("{F184B08F-C81C-45F6-A57F-5ABD9991F28F}") = "RISAPP", "CommonDLL\RISAPP\RISAPP.vbproj", "{1396A325-14ED-4E3D-B699-E2C27F89A6EF}"
EndProject
Project("{F184B08F-C81C-45F6-A57F-5ABD9991F28F}") = "SYSIF01", "CommonDLL\SYSIF01\SYSIF01.vbproj", "{B93BADDE-0678-4A25-AD54-CC38DAA26C98}"
EndProject
Project("{F184B08F-C81C-45F6-A57F-5ABD9991F28F}") = "TCP01", "CommonDLL\TCP01\TCP01.vbproj", "{683F9741-F793-4D7A-8BE9-94090FD0ACB1}"
EndProject
Project("{F184B08F-C81C-45F6-A57F-5ABD9991F28F}") = "Main", "MainExe\Main\Main.vbproj", "{A099EC20-8646-4FF2-A917-FFB2658F7422}"
EndProject
Project("{F184B08F-C81C-45F6-A57F-5ABD9991F28F}") = "LISB", "PartDLL\LISB\LISB.vbproj", "{12E9444A-21B5-4056-84FF-1BE0E25879C4}"
EndProject
Project("{F184B08F-C81C-45F6-A57F-5ABD9991F28F}") = "LISC", "PartDLL\LISC\LISC.vbproj", "{A991A402-7386-4D02-A403-18E329A89D74}"
EndProject
Project("{F184B08F-C81C-45F6-A57F-5ABD9991F28F}") = "LISF", "PartDLL\LISF\LISF.vbproj", "{45195133-3C0B-4AD3-B126-407D113FF60D}"
EndProject
Project("{F184B08F-C81C-45F6-A57F-5ABD9991F28F}") = "LISJ", "PartDLL\LISJ\LISJ.vbproj", "{7F0CC020-4250-41AB-A48B-E2E8E310B52D}"
EndProject
Project("{F184B08F-C81C-45F6-A57F-5ABD9991F28F}") = "LISM", "PartDLL\LISM\LISM.vbproj", "{D663B602-6688-418B-A681-67269C86447B}"
EndProject
Project("{F184B08F-C81C-45F6-A57F-5ABD9991F28F}") = "LISO", "PartDLL\LISO\LISO.vbproj", "{B84AABF2-0720-401E-8569-CB2995C91E5C}"
EndProject
Project("{F184B08F-C81C-45F6-A57F-5ABD9991F28F}") = "LISR", "PartDLL\LISR\LISR.vbproj", "{99C2FE0F-B15B-4A79-9AFE-8E347733D6F7}"
EndProject
Project("{F184B08F-C81C-45F6-A57F-5ABD9991F28F}") = "LISS", "PartDLL\LISS\LISS.vbproj", "{352C30DA-AF87-4DF7-8AE1-FEDADF225FFC}"
EndProject
Project("{F184B08F-C81C-45F6-A57F-5ABD9991F28F}") = "LIST", "PartDLL\LIST\LIST.vbproj", "{63362CEB-127A-4E09-9D2D-BCA979460442}"
EndProject
Project("{F184B08F-C81C-45F6-A57F-5ABD9991F28F}") = "LISV", "PartDLL\LISV\LISV.vbproj", "{AE28C791-1B44-4563-B4B8-9747CF0563D2}"
EndProject
Project("{F184B08F-C81C-45F6-A57F-5ABD9991F28F}") = "WEBSERVER", "CommonDLL\WEBSERVER\WEBSERVER.vbproj", "{E9D16D54-5634-4977-AD4B-D668AD94651C}"
EndProject
Project("{F184B08F-C81C-45F6-A57F-5ABD9991F28F}") = "RichTextBoxPrint", "CommonDLL\RichTextBoxPrint\RichTextBoxPrint.vbproj", "{EEB3EDCE-05A8-4EA4-BB8F-D36D1DA90B68}"
EndProject
Project("{F184B08F-C81C-45F6-A57F-5ABD9991F28F}") = "DBSERVER", "CommonDLL\DBSERVER\DBSERVER.vbproj", "{B74D368A-020D-4327-8392-E92CC78B8E39}"
EndProject
Global
	GlobalSection(SolutionConfigurationPlatforms) = preSolution
		Debug|Any CPU = Debug|Any CPU
		Debug|x86 = Debug|x86
		Release|Any CPU = Release|Any CPU
		Release|x86 = Release|x86
	EndGlobalSection
	GlobalSection(ProjectConfigurationPlatforms) = postSolution
		{C5ACECA6-8DD6-4737-A2C6-069BED71CAEE}.Debug|Any CPU.ActiveCfg = Debug|Any CPU
		{C5ACECA6-8DD6-4737-A2C6-069BED71CAEE}.Debug|Any CPU.Build.0 = Debug|Any CPU
		{C5ACECA6-8DD6-4737-A2C6-069BED71CAEE}.Debug|x86.ActiveCfg = Debug|x86
		{C5ACECA6-8DD6-4737-A2C6-069BED71CAEE}.Debug|x86.Build.0 = Debug|x86
		{C5ACECA6-8DD6-4737-A2C6-069BED71CAEE}.Release|Any CPU.ActiveCfg = Release|Any CPU
		{C5ACECA6-8DD6-4737-A2C6-069BED71CAEE}.Release|Any CPU.Build.0 = Release|Any CPU
		{C5ACECA6-8DD6-4737-A2C6-069BED71CAEE}.Release|x86.ActiveCfg = Release|x86
		{C5ACECA6-8DD6-4737-A2C6-069BED71CAEE}.Release|x86.Build.0 = Release|x86
		{C65718EF-9C4C-4736-A3B3-3ABFADEA7E11}.Debug|Any CPU.ActiveCfg = Debug|Any CPU
		{C65718EF-9C4C-4736-A3B3-3ABFADEA7E11}.Debug|Any CPU.Build.0 = Debug|Any CPU
		{C65718EF-9C4C-4736-A3B3-3ABFADEA7E11}.Debug|x86.ActiveCfg = Debug|x86
		{C65718EF-9C4C-4736-A3B3-3ABFADEA7E11}.Debug|x86.Build.0 = Debug|x86
		{C65718EF-9C4C-4736-A3B3-3ABFADEA7E11}.Release|Any CPU.ActiveCfg = Release|Any CPU
		{C65718EF-9C4C-4736-A3B3-3ABFADEA7E11}.Release|Any CPU.Build.0 = Release|Any CPU
		{C65718EF-9C4C-4736-A3B3-3ABFADEA7E11}.Release|x86.ActiveCfg = Release|x86
		{C65718EF-9C4C-4736-A3B3-3ABFADEA7E11}.Release|x86.Build.0 = Release|x86
		{D58641C7-E10E-4945-A98A-68BE38733F85}.Debug|Any CPU.ActiveCfg = Debug|Any CPU
		{D58641C7-E10E-4945-A98A-68BE38733F85}.Debug|Any CPU.Build.0 = Debug|Any CPU
		{D58641C7-E10E-4945-A98A-68BE38733F85}.Debug|x86.ActiveCfg = Debug|x86
		{D58641C7-E10E-4945-A98A-68BE38733F85}.Debug|x86.Build.0 = Debug|x86
		{D58641C7-E10E-4945-A98A-68BE38733F85}.Release|Any CPU.ActiveCfg = Release|Any CPU
		{D58641C7-E10E-4945-A98A-68BE38733F85}.Release|Any CPU.Build.0 = Release|Any CPU
		{D58641C7-E10E-4945-A98A-68BE38733F85}.Release|x86.ActiveCfg = Release|x86
		{D58641C7-E10E-4945-A98A-68BE38733F85}.Release|x86.Build.0 = Release|x86
		{CCB497F1-B4C6-46FF-8B5D-DD42AA572EC4}.Debug|Any CPU.ActiveCfg = Debug|Any CPU
		{CCB497F1-B4C6-46FF-8B5D-DD42AA572EC4}.Debug|Any CPU.Build.0 = Debug|Any CPU
		{CCB497F1-B4C6-46FF-8B5D-DD42AA572EC4}.Debug|x86.ActiveCfg = Debug|x86
		{CCB497F1-B4C6-46FF-8B5D-DD42AA572EC4}.Debug|x86.Build.0 = Debug|x86
		{CCB497F1-B4C6-46FF-8B5D-DD42AA572EC4}.Release|Any CPU.ActiveCfg = Release|Any CPU
		{CCB497F1-B4C6-46FF-8B5D-DD42AA572EC4}.Release|Any CPU.Build.0 = Release|Any CPU
		{CCB497F1-B4C6-46FF-8B5D-DD42AA572EC4}.Release|x86.ActiveCfg = Release|x86
		{CCB497F1-B4C6-46FF-8B5D-DD42AA572EC4}.Release|x86.Build.0 = Release|x86
		{E94524CD-8C2B-4AE4-AEC2-E299C019F495}.Debug|Any CPU.ActiveCfg = Debug|Any CPU
		{E94524CD-8C2B-4AE4-AEC2-E299C019F495}.Debug|Any CPU.Build.0 = Debug|Any CPU
		{E94524CD-8C2B-4AE4-AEC2-E299C019F495}.Debug|x86.ActiveCfg = Debug|x86
		{E94524CD-8C2B-4AE4-AEC2-E299C019F495}.Debug|x86.Build.0 = Debug|x86
		{E94524CD-8C2B-4AE4-AEC2-E299C019F495}.Release|Any CPU.ActiveCfg = Release|Any CPU
		{E94524CD-8C2B-4AE4-AEC2-E299C019F495}.Release|Any CPU.Build.0 = Release|Any CPU
		{E94524CD-8C2B-4AE4-AEC2-E299C019F495}.Release|x86.ActiveCfg = Release|x86
		{E94524CD-8C2B-4AE4-AEC2-E299C019F495}.Release|x86.Build.0 = Release|x86
		{F6AD16DA-0F99-4DB5-B36F-A6D84F0E1334}.Debug|Any CPU.ActiveCfg = Debug|Any CPU
		{F6AD16DA-0F99-4DB5-B36F-A6D84F0E1334}.Debug|Any CPU.Build.0 = Debug|Any CPU
		{F6AD16DA-0F99-4DB5-B36F-A6D84F0E1334}.Debug|x86.ActiveCfg = Debug|x86
		{F6AD16DA-0F99-4DB5-B36F-A6D84F0E1334}.Debug|x86.Build.0 = Debug|x86
		{F6AD16DA-0F99-4DB5-B36F-A6D84F0E1334}.Release|Any CPU.ActiveCfg = Release|Any CPU
		{F6AD16DA-0F99-4DB5-B36F-A6D84F0E1334}.Release|Any CPU.Build.0 = Release|Any CPU
		{F6AD16DA-0F99-4DB5-B36F-A6D84F0E1334}.Release|x86.ActiveCfg = Release|x86
		{F6AD16DA-0F99-4DB5-B36F-A6D84F0E1334}.Release|x86.Build.0 = Release|x86
		{C358B5A9-ADE1-46C9-A575-29F8A9CF27B9}.Debug|Any CPU.ActiveCfg = Debug|Any CPU
		{C358B5A9-ADE1-46C9-A575-29F8A9CF27B9}.Debug|Any CPU.Build.0 = Debug|Any CPU
		{C358B5A9-ADE1-46C9-A575-29F8A9CF27B9}.Debug|x86.ActiveCfg = Debug|x86
		{C358B5A9-ADE1-46C9-A575-29F8A9CF27B9}.Debug|x86.Build.0 = Debug|x86
		{C358B5A9-ADE1-46C9-A575-29F8A9CF27B9}.Release|Any CPU.ActiveCfg = Release|Any CPU
		{C358B5A9-ADE1-46C9-A575-29F8A9CF27B9}.Release|Any CPU.Build.0 = Release|Any CPU
		{C358B5A9-ADE1-46C9-A575-29F8A9CF27B9}.Release|x86.ActiveCfg = Release|x86
		{C358B5A9-ADE1-46C9-A575-29F8A9CF27B9}.Release|x86.Build.0 = Release|x86
		{3CB5750D-7316-403D-BA70-6BB7E5F96983}.Debug|Any CPU.ActiveCfg = Debug|Any CPU
		{3CB5750D-7316-403D-BA70-6BB7E5F96983}.Debug|Any CPU.Build.0 = Debug|Any CPU
		{3CB5750D-7316-403D-BA70-6BB7E5F96983}.Debug|x86.ActiveCfg = Debug|x86
		{3CB5750D-7316-403D-BA70-6BB7E5F96983}.Debug|x86.Build.0 = Debug|x86
		{3CB5750D-7316-403D-BA70-6BB7E5F96983}.Release|Any CPU.ActiveCfg = Release|Any CPU
		{3CB5750D-7316-403D-BA70-6BB7E5F96983}.Release|Any CPU.Build.0 = Release|Any CPU
		{3CB5750D-7316-403D-BA70-6BB7E5F96983}.Release|x86.ActiveCfg = Release|x86
		{3CB5750D-7316-403D-BA70-6BB7E5F96983}.Release|x86.Build.0 = Release|x86
		{8B9CED5D-BCF8-4F3B-A904-1D048D339E76}.Debug|Any CPU.ActiveCfg = Debug|Any CPU
		{8B9CED5D-BCF8-4F3B-A904-1D048D339E76}.Debug|Any CPU.Build.0 = Debug|Any CPU
		{8B9CED5D-BCF8-4F3B-A904-1D048D339E76}.Debug|x86.ActiveCfg = Debug|x86
		{8B9CED5D-BCF8-4F3B-A904-1D048D339E76}.Debug|x86.Build.0 = Debug|x86
		{8B9CED5D-BCF8-4F3B-A904-1D048D339E76}.Release|Any CPU.ActiveCfg = Release|Any CPU
		{8B9CED5D-BCF8-4F3B-A904-1D048D339E76}.Release|Any CPU.Build.0 = Release|Any CPU
		{8B9CED5D-BCF8-4F3B-A904-1D048D339E76}.Release|x86.ActiveCfg = Release|x86
		{8B9CED5D-BCF8-4F3B-A904-1D048D339E76}.Release|x86.Build.0 = Release|x86
		{2D9AC22B-9EC9-4C4A-8C70-78C5283E5055}.Debug|Any CPU.ActiveCfg = Debug|Any CPU
		{2D9AC22B-9EC9-4C4A-8C70-78C5283E5055}.Debug|Any CPU.Build.0 = Debug|Any CPU
		{2D9AC22B-9EC9-4C4A-8C70-78C5283E5055}.Debug|x86.ActiveCfg = Debug|x86
		{2D9AC22B-9EC9-4C4A-8C70-78C5283E5055}.Debug|x86.Build.0 = Debug|x86
		{2D9AC22B-9EC9-4C4A-8C70-78C5283E5055}.Release|Any CPU.ActiveCfg = Release|Any CPU
		{2D9AC22B-9EC9-4C4A-8C70-78C5283E5055}.Release|Any CPU.Build.0 = Release|Any CPU
		{2D9AC22B-9EC9-4C4A-8C70-78C5283E5055}.Release|x86.ActiveCfg = Release|x86
		{2D9AC22B-9EC9-4C4A-8C70-78C5283E5055}.Release|x86.Build.0 = Release|x86
		{60871DDE-EB13-4300-B6A7-C0E7CC3E052F}.Debug|Any CPU.ActiveCfg = Debug|Any CPU
		{60871DDE-EB13-4300-B6A7-C0E7CC3E052F}.Debug|Any CPU.Build.0 = Debug|Any CPU
		{60871DDE-EB13-4300-B6A7-C0E7CC3E052F}.Debug|x86.ActiveCfg = Debug|x86
		{60871DDE-EB13-4300-B6A7-C0E7CC3E052F}.Debug|x86.Build.0 = Debug|x86
		{60871DDE-EB13-4300-B6A7-C0E7CC3E052F}.Release|Any CPU.ActiveCfg = Release|Any CPU
		{60871DDE-EB13-4300-B6A7-C0E7CC3E052F}.Release|Any CPU.Build.0 = Release|Any CPU
		{60871DDE-EB13-4300-B6A7-C0E7CC3E052F}.Release|x86.ActiveCfg = Release|x86
		{60871DDE-EB13-4300-B6A7-C0E7CC3E052F}.Release|x86.Build.0 = Release|x86
		{4DFD3F8C-9D7A-41EF-848A-96515EF162D9}.Debug|Any CPU.ActiveCfg = Debug|Any CPU
		{4DFD3F8C-9D7A-41EF-848A-96515EF162D9}.Debug|Any CPU.Build.0 = Debug|Any CPU
		{4DFD3F8C-9D7A-41EF-848A-96515EF162D9}.Debug|x86.ActiveCfg = Debug|x86
		{4DFD3F8C-9D7A-41EF-848A-96515EF162D9}.Debug|x86.Build.0 = Debug|x86
		{4DFD3F8C-9D7A-41EF-848A-96515EF162D9}.Release|Any CPU.ActiveCfg = Release|Any CPU
		{4DFD3F8C-9D7A-41EF-848A-96515EF162D9}.Release|Any CPU.Build.0 = Release|Any CPU
		{4DFD3F8C-9D7A-41EF-848A-96515EF162D9}.Release|x86.ActiveCfg = Release|x86
		{4DFD3F8C-9D7A-41EF-848A-96515EF162D9}.Release|x86.Build.0 = Release|x86
		{540F18C0-1B89-4386-9DDB-AF22D046EED8}.Debug|Any CPU.ActiveCfg = Debug|Any CPU
		{540F18C0-1B89-4386-9DDB-AF22D046EED8}.Debug|Any CPU.Build.0 = Debug|Any CPU
		{540F18C0-1B89-4386-9DDB-AF22D046EED8}.Debug|x86.ActiveCfg = Debug|x86
		{540F18C0-1B89-4386-9DDB-AF22D046EED8}.Debug|x86.Build.0 = Debug|x86
		{540F18C0-1B89-4386-9DDB-AF22D046EED8}.Release|Any CPU.ActiveCfg = Release|Any CPU
		{540F18C0-1B89-4386-9DDB-AF22D046EED8}.Release|Any CPU.Build.0 = Release|Any CPU
		{540F18C0-1B89-4386-9DDB-AF22D046EED8}.Release|x86.ActiveCfg = Release|x86
		{540F18C0-1B89-4386-9DDB-AF22D046EED8}.Release|x86.Build.0 = Release|x86
		{52565849-5C40-42BD-B218-A932D842FAE6}.Debug|Any CPU.ActiveCfg = Debug|Any CPU
		{52565849-5C40-42BD-B218-A932D842FAE6}.Debug|Any CPU.Build.0 = Debug|Any CPU
		{52565849-5C40-42BD-B218-A932D842FAE6}.Debug|x86.ActiveCfg = Debug|x86
		{52565849-5C40-42BD-B218-A932D842FAE6}.Debug|x86.Build.0 = Debug|x86
		{52565849-5C40-42BD-B218-A932D842FAE6}.Release|Any CPU.ActiveCfg = Release|Any CPU
		{52565849-5C40-42BD-B218-A932D842FAE6}.Release|Any CPU.Build.0 = Release|Any CPU
		{52565849-5C40-42BD-B218-A932D842FAE6}.Release|x86.ActiveCfg = Release|x86
		{52565849-5C40-42BD-B218-A932D842FAE6}.Release|x86.Build.0 = Release|x86
		{346670D4-73AC-4B37-B4DE-24003753BB34}.Debug|Any CPU.ActiveCfg = Debug|Any CPU
		{346670D4-73AC-4B37-B4DE-24003753BB34}.Debug|Any CPU.Build.0 = Debug|Any CPU
		{346670D4-73AC-4B37-B4DE-24003753BB34}.Debug|x86.ActiveCfg = Debug|x86
		{346670D4-73AC-4B37-B4DE-24003753BB34}.Debug|x86.Build.0 = Debug|x86
		{346670D4-73AC-4B37-B4DE-24003753BB34}.Release|Any CPU.ActiveCfg = Release|Any CPU
		{346670D4-73AC-4B37-B4DE-24003753BB34}.Release|Any CPU.Build.0 = Release|Any CPU
		{346670D4-73AC-4B37-B4DE-24003753BB34}.Release|x86.ActiveCfg = Release|x86
		{346670D4-73AC-4B37-B4DE-24003753BB34}.Release|x86.Build.0 = Release|x86
		{165FF276-8709-47EF-9431-B83F2078EDA9}.Debug|Any CPU.ActiveCfg = Debug|Any CPU
		{165FF276-8709-47EF-9431-B83F2078EDA9}.Debug|Any CPU.Build.0 = Debug|Any CPU
		{165FF276-8709-47EF-9431-B83F2078EDA9}.Debug|x86.ActiveCfg = Debug|x86
		{165FF276-8709-47EF-9431-B83F2078EDA9}.Debug|x86.Build.0 = Debug|x86
		{165FF276-8709-47EF-9431-B83F2078EDA9}.Release|Any CPU.ActiveCfg = Release|Any CPU
		{165FF276-8709-47EF-9431-B83F2078EDA9}.Release|Any CPU.Build.0 = Release|Any CPU
		{165FF276-8709-47EF-9431-B83F2078EDA9}.Release|x86.ActiveCfg = Release|x86
		{165FF276-8709-47EF-9431-B83F2078EDA9}.Release|x86.Build.0 = Release|x86
		{566906D0-9D38-4071-B9A9-840D9A0197FD}.Debug|Any CPU.ActiveCfg = Debug|Any CPU
		{566906D0-9D38-4071-B9A9-840D9A0197FD}.Debug|Any CPU.Build.0 = Debug|Any CPU
		{566906D0-9D38-4071-B9A9-840D9A0197FD}.Debug|x86.ActiveCfg = Debug|x86
		{566906D0-9D38-4071-B9A9-840D9A0197FD}.Debug|x86.Build.0 = Debug|x86
		{566906D0-9D38-4071-B9A9-840D9A0197FD}.Release|Any CPU.ActiveCfg = Release|Any CPU
		{566906D0-9D38-4071-B9A9-840D9A0197FD}.Release|Any CPU.Build.0 = Release|Any CPU
		{566906D0-9D38-4071-B9A9-840D9A0197FD}.Release|x86.ActiveCfg = Release|x86
		{566906D0-9D38-4071-B9A9-840D9A0197FD}.Release|x86.Build.0 = Release|x86
		{12C24F25-281C-4311-B84D-0CE505C6DE31}.Debug|Any CPU.ActiveCfg = Debug|Any CPU
		{12C24F25-281C-4311-B84D-0CE505C6DE31}.Debug|Any CPU.Build.0 = Debug|Any CPU
		{12C24F25-281C-4311-B84D-0CE505C6DE31}.Debug|x86.ActiveCfg = Debug|x86
		{12C24F25-281C-4311-B84D-0CE505C6DE31}.Debug|x86.Build.0 = Debug|x86
		{12C24F25-281C-4311-B84D-0CE505C6DE31}.Release|Any CPU.ActiveCfg = Release|Any CPU
		{12C24F25-281C-4311-B84D-0CE505C6DE31}.Release|Any CPU.Build.0 = Release|Any CPU
		{12C24F25-281C-4311-B84D-0CE505C6DE31}.Release|x86.ActiveCfg = Release|x86
		{12C24F25-281C-4311-B84D-0CE505C6DE31}.Release|x86.Build.0 = Release|x86
		{43FF45A9-6800-466C-934B-A7B923D62EE4}.Debug|Any CPU.ActiveCfg = Debug|Any CPU
		{43FF45A9-6800-466C-934B-A7B923D62EE4}.Debug|Any CPU.Build.0 = Debug|Any CPU
		{43FF45A9-6800-466C-934B-A7B923D62EE4}.Debug|x86.ActiveCfg = Debug|x86
		{43FF45A9-6800-466C-934B-A7B923D62EE4}.Debug|x86.Build.0 = Debug|x86
		{43FF45A9-6800-466C-934B-A7B923D62EE4}.Release|Any CPU.ActiveCfg = Release|Any CPU
		{43FF45A9-6800-466C-934B-A7B923D62EE4}.Release|Any CPU.Build.0 = Release|Any CPU
		{43FF45A9-6800-466C-934B-A7B923D62EE4}.Release|x86.ActiveCfg = Release|x86
		{43FF45A9-6800-466C-934B-A7B923D62EE4}.Release|x86.Build.0 = Release|x86
		{6A6AE9F9-3BCB-4DC8-9553-545D95C4FAAB}.Debug|Any CPU.ActiveCfg = Debug|Any CPU
		{6A6AE9F9-3BCB-4DC8-9553-545D95C4FAAB}.Debug|Any CPU.Build.0 = Debug|Any CPU
		{6A6AE9F9-3BCB-4DC8-9553-545D95C4FAAB}.Debug|x86.ActiveCfg = Debug|x86
		{6A6AE9F9-3BCB-4DC8-9553-545D95C4FAAB}.Debug|x86.Build.0 = Debug|x86
		{6A6AE9F9-3BCB-4DC8-9553-545D95C4FAAB}.Release|Any CPU.ActiveCfg = Release|Any CPU
		{6A6AE9F9-3BCB-4DC8-9553-545D95C4FAAB}.Release|Any CPU.Build.0 = Release|Any CPU
		{6A6AE9F9-3BCB-4DC8-9553-545D95C4FAAB}.Release|x86.ActiveCfg = Release|x86
		{6A6AE9F9-3BCB-4DC8-9553-545D95C4FAAB}.Release|x86.Build.0 = Release|x86
		{1396A325-14ED-4E3D-B699-E2C27F89A6EF}.Debug|Any CPU.ActiveCfg = Debug|Any CPU
		{1396A325-14ED-4E3D-B699-E2C27F89A6EF}.Debug|Any CPU.Build.0 = Debug|Any CPU
		{1396A325-14ED-4E3D-B699-E2C27F89A6EF}.Debug|x86.ActiveCfg = Debug|x86
		{1396A325-14ED-4E3D-B699-E2C27F89A6EF}.Debug|x86.Build.0 = Debug|x86
		{1396A325-14ED-4E3D-B699-E2C27F89A6EF}.Release|Any CPU.ActiveCfg = Release|Any CPU
		{1396A325-14ED-4E3D-B699-E2C27F89A6EF}.Release|Any CPU.Build.0 = Release|Any CPU
		{1396A325-14ED-4E3D-B699-E2C27F89A6EF}.Release|x86.ActiveCfg = Release|x86
		{1396A325-14ED-4E3D-B699-E2C27F89A6EF}.Release|x86.Build.0 = Release|x86
		{B93BADDE-0678-4A25-AD54-CC38DAA26C98}.Debug|Any CPU.ActiveCfg = Debug|Any CPU
		{B93BADDE-0678-4A25-AD54-CC38DAA26C98}.Debug|Any CPU.Build.0 = Debug|Any CPU
		{B93BADDE-0678-4A25-AD54-CC38DAA26C98}.Debug|x86.ActiveCfg = Debug|x86
		{B93BADDE-0678-4A25-AD54-CC38DAA26C98}.Debug|x86.Build.0 = Debug|x86
		{B93BADDE-0678-4A25-AD54-CC38DAA26C98}.Release|Any CPU.ActiveCfg = Release|Any CPU
		{B93BADDE-0678-4A25-AD54-CC38DAA26C98}.Release|Any CPU.Build.0 = Release|Any CPU
		{B93BADDE-0678-4A25-AD54-CC38DAA26C98}.Release|x86.ActiveCfg = Release|x86
		{B93BADDE-0678-4A25-AD54-CC38DAA26C98}.Release|x86.Build.0 = Release|x86
		{683F9741-F793-4D7A-8BE9-94090FD0ACB1}.Debug|Any CPU.ActiveCfg = Debug|Any CPU
		{683F9741-F793-4D7A-8BE9-94090FD0ACB1}.Debug|Any CPU.Build.0 = Debug|Any CPU
		{683F9741-F793-4D7A-8BE9-94090FD0ACB1}.Debug|x86.ActiveCfg = Debug|x86
		{683F9741-F793-4D7A-8BE9-94090FD0ACB1}.Debug|x86.Build.0 = Debug|x86
		{683F9741-F793-4D7A-8BE9-94090FD0ACB1}.Release|Any CPU.ActiveCfg = Release|Any CPU
		{683F9741-F793-4D7A-8BE9-94090FD0ACB1}.Release|Any CPU.Build.0 = Release|Any CPU
		{683F9741-F793-4D7A-8BE9-94090FD0ACB1}.Release|x86.ActiveCfg = Release|x86
		{683F9741-F793-4D7A-8BE9-94090FD0ACB1}.Release|x86.Build.0 = Release|x86
		{A099EC20-8646-4FF2-A917-FFB2658F7422}.Debug|Any CPU.ActiveCfg = Debug|Any CPU
		{A099EC20-8646-4FF2-A917-FFB2658F7422}.Debug|Any CPU.Build.0 = Debug|Any CPU
		{A099EC20-8646-4FF2-A917-FFB2658F7422}.Debug|x86.ActiveCfg = Debug|x86
		{A099EC20-8646-4FF2-A917-FFB2658F7422}.Debug|x86.Build.0 = Debug|x86
		{A099EC20-8646-4FF2-A917-FFB2658F7422}.Release|Any CPU.ActiveCfg = Release|Any CPU
		{A099EC20-8646-4FF2-A917-FFB2658F7422}.Release|Any CPU.Build.0 = Release|Any CPU
		{A099EC20-8646-4FF2-A917-FFB2658F7422}.Release|x86.ActiveCfg = Release|x86
		{A099EC20-8646-4FF2-A917-FFB2658F7422}.Release|x86.Build.0 = Release|x86
		{12E9444A-21B5-4056-84FF-1BE0E25879C4}.Debug|Any CPU.ActiveCfg = Debug|Any CPU
		{12E9444A-21B5-4056-84FF-1BE0E25879C4}.Debug|Any CPU.Build.0 = Debug|Any CPU
		{12E9444A-21B5-4056-84FF-1BE0E25879C4}.Debug|x86.ActiveCfg = Debug|x86
		{12E9444A-21B5-4056-84FF-1BE0E25879C4}.Debug|x86.Build.0 = Debug|x86
		{12E9444A-21B5-4056-84FF-1BE0E25879C4}.Release|Any CPU.ActiveCfg = Release|Any CPU
		{12E9444A-21B5-4056-84FF-1BE0E25879C4}.Release|Any CPU.Build.0 = Release|Any CPU
		{12E9444A-21B5-4056-84FF-1BE0E25879C4}.Release|x86.ActiveCfg = Release|x86
		{12E9444A-21B5-4056-84FF-1BE0E25879C4}.Release|x86.Build.0 = Release|x86
		{A991A402-7386-4D02-A403-18E329A89D74}.Debug|Any CPU.ActiveCfg = Debug|Any CPU
		{A991A402-7386-4D02-A403-18E329A89D74}.Debug|Any CPU.Build.0 = Debug|Any CPU
		{A991A402-7386-4D02-A403-18E329A89D74}.Debug|x86.ActiveCfg = Debug|x86
		{A991A402-7386-4D02-A403-18E329A89D74}.Debug|x86.Build.0 = Debug|x86
		{A991A402-7386-4D02-A403-18E329A89D74}.Release|Any CPU.ActiveCfg = Release|Any CPU
		{A991A402-7386-4D02-A403-18E329A89D74}.Release|Any CPU.Build.0 = Release|Any CPU
		{A991A402-7386-4D02-A403-18E329A89D74}.Release|x86.ActiveCfg = Release|x86
		{A991A402-7386-4D02-A403-18E329A89D74}.Release|x86.Build.0 = Release|x86
		{45195133-3C0B-4AD3-B126-407D113FF60D}.Debug|Any CPU.ActiveCfg = Debug|Any CPU
		{45195133-3C0B-4AD3-B126-407D113FF60D}.Debug|Any CPU.Build.0 = Debug|Any CPU
		{45195133-3C0B-4AD3-B126-407D113FF60D}.Debug|x86.ActiveCfg = Debug|x86
		{45195133-3C0B-4AD3-B126-407D113FF60D}.Debug|x86.Build.0 = Debug|x86
		{45195133-3C0B-4AD3-B126-407D113FF60D}.Release|Any CPU.ActiveCfg = Release|Any CPU
		{45195133-3C0B-4AD3-B126-407D113FF60D}.Release|Any CPU.Build.0 = Release|Any CPU
		{45195133-3C0B-4AD3-B126-407D113FF60D}.Release|x86.ActiveCfg = Release|x86
		{45195133-3C0B-4AD3-B126-407D113FF60D}.Release|x86.Build.0 = Release|x86
		{7F0CC020-4250-41AB-A48B-E2E8E310B52D}.Debug|Any CPU.ActiveCfg = Debug|Any CPU
		{7F0CC020-4250-41AB-A48B-E2E8E310B52D}.Debug|Any CPU.Build.0 = Debug|Any CPU
		{7F0CC020-4250-41AB-A48B-E2E8E310B52D}.Debug|x86.ActiveCfg = Debug|x86
		{7F0CC020-4250-41AB-A48B-E2E8E310B52D}.Debug|x86.Build.0 = Debug|x86
		{7F0CC020-4250-41AB-A48B-E2E8E310B52D}.Release|Any CPU.ActiveCfg = Release|Any CPU
		{7F0CC020-4250-41AB-A48B-E2E8E310B52D}.Release|Any CPU.Build.0 = Release|Any CPU
		{7F0CC020-4250-41AB-A48B-E2E8E310B52D}.Release|x86.ActiveCfg = Release|x86
		{7F0CC020-4250-41AB-A48B-E2E8E310B52D}.Release|x86.Build.0 = Release|x86
		{D663B602-6688-418B-A681-67269C86447B}.Debug|Any CPU.ActiveCfg = Debug|Any CPU
		{D663B602-6688-418B-A681-67269C86447B}.Debug|Any CPU.Build.0 = Debug|Any CPU
		{D663B602-6688-418B-A681-67269C86447B}.Debug|x86.ActiveCfg = Debug|x86
		{D663B602-6688-418B-A681-67269C86447B}.Debug|x86.Build.0 = Debug|x86
		{D663B602-6688-418B-A681-67269C86447B}.Release|Any CPU.ActiveCfg = Release|Any CPU
		{D663B602-6688-418B-A681-67269C86447B}.Release|Any CPU.Build.0 = Release|Any CPU
		{D663B602-6688-418B-A681-67269C86447B}.Release|x86.ActiveCfg = Release|x86
		{D663B602-6688-418B-A681-67269C86447B}.Release|x86.Build.0 = Release|x86
		{B84AABF2-0720-401E-8569-CB2995C91E5C}.Debug|Any CPU.ActiveCfg = Debug|Any CPU
		{B84AABF2-0720-401E-8569-CB2995C91E5C}.Debug|Any CPU.Build.0 = Debug|Any CPU
		{B84AABF2-0720-401E-8569-CB2995C91E5C}.Debug|x86.ActiveCfg = Debug|x86
		{B84AABF2-0720-401E-8569-CB2995C91E5C}.Debug|x86.Build.0 = Debug|x86
		{B84AABF2-0720-401E-8569-CB2995C91E5C}.Release|Any CPU.ActiveCfg = Release|Any CPU
		{B84AABF2-0720-401E-8569-CB2995C91E5C}.Release|Any CPU.Build.0 = Release|Any CPU
		{B84AABF2-0720-401E-8569-CB2995C91E5C}.Release|x86.ActiveCfg = Release|x86
		{B84AABF2-0720-401E-8569-CB2995C91E5C}.Release|x86.Build.0 = Release|x86
		{99C2FE0F-B15B-4A79-9AFE-8E347733D6F7}.Debug|Any CPU.ActiveCfg = Debug|Any CPU
		{99C2FE0F-B15B-4A79-9AFE-8E347733D6F7}.Debug|Any CPU.Build.0 = Debug|Any CPU
		{99C2FE0F-B15B-4A79-9AFE-8E347733D6F7}.Debug|x86.ActiveCfg = Debug|x86
		{99C2FE0F-B15B-4A79-9AFE-8E347733D6F7}.Debug|x86.Build.0 = Debug|x86
		{99C2FE0F-B15B-4A79-9AFE-8E347733D6F7}.Release|Any CPU.ActiveCfg = Release|Any CPU
		{99C2FE0F-B15B-4A79-9AFE-8E347733D6F7}.Release|Any CPU.Build.0 = Release|Any CPU
		{99C2FE0F-B15B-4A79-9AFE-8E347733D6F7}.Release|x86.ActiveCfg = Release|x86
		{99C2FE0F-B15B-4A79-9AFE-8E347733D6F7}.Release|x86.Build.0 = Release|x86
		{352C30DA-AF87-4DF7-8AE1-FEDADF225FFC}.Debug|Any CPU.ActiveCfg = Debug|Any CPU
		{352C30DA-AF87-4DF7-8AE1-FEDADF225FFC}.Debug|Any CPU.Build.0 = Debug|Any CPU
		{352C30DA-AF87-4DF7-8AE1-FEDADF225FFC}.Debug|x86.ActiveCfg = Debug|x86
		{352C30DA-AF87-4DF7-8AE1-FEDADF225FFC}.Debug|x86.Build.0 = Debug|x86
		{352C30DA-AF87-4DF7-8AE1-FEDADF225FFC}.Release|Any CPU.ActiveCfg = Release|Any CPU
		{352C30DA-AF87-4DF7-8AE1-FEDADF225FFC}.Release|Any CPU.Build.0 = Release|Any CPU
		{352C30DA-AF87-4DF7-8AE1-FEDADF225FFC}.Release|x86.ActiveCfg = Release|x86
		{352C30DA-AF87-4DF7-8AE1-FEDADF225FFC}.Release|x86.Build.0 = Release|x86
		{63362CEB-127A-4E09-9D2D-BCA979460442}.Debug|Any CPU.ActiveCfg = Debug|Any CPU
		{63362CEB-127A-4E09-9D2D-BCA979460442}.Debug|Any CPU.Build.0 = Debug|Any CPU
		{63362CEB-127A-4E09-9D2D-BCA979460442}.Debug|x86.ActiveCfg = Debug|x86
		{63362CEB-127A-4E09-9D2D-BCA979460442}.Debug|x86.Build.0 = Debug|x86
		{63362CEB-127A-4E09-9D2D-BCA979460442}.Release|Any CPU.ActiveCfg = Release|Any CPU
		{63362CEB-127A-4E09-9D2D-BCA979460442}.Release|Any CPU.Build.0 = Release|Any CPU
		{63362CEB-127A-4E09-9D2D-BCA979460442}.Release|x86.ActiveCfg = Release|x86
		{63362CEB-127A-4E09-9D2D-BCA979460442}.Release|x86.Build.0 = Release|x86
		{AE28C791-1B44-4563-B4B8-9747CF0563D2}.Debug|Any CPU.ActiveCfg = Debug|Any CPU
		{AE28C791-1B44-4563-B4B8-9747CF0563D2}.Debug|Any CPU.Build.0 = Debug|Any CPU
		{AE28C791-1B44-4563-B4B8-9747CF0563D2}.Debug|x86.ActiveCfg = Debug|x86
		{AE28C791-1B44-4563-B4B8-9747CF0563D2}.Debug|x86.Build.0 = Debug|x86
		{AE28C791-1B44-4563-B4B8-9747CF0563D2}.Release|Any CPU.ActiveCfg = Release|Any CPU
		{AE28C791-1B44-4563-B4B8-9747CF0563D2}.Release|Any CPU.Build.0 = Release|Any CPU
		{AE28C791-1B44-4563-B4B8-9747CF0563D2}.Release|x86.ActiveCfg = Release|x86
		{AE28C791-1B44-4563-B4B8-9747CF0563D2}.Release|x86.Build.0 = Release|x86
		{E9D16D54-5634-4977-AD4B-D668AD94651C}.Debug|Any CPU.ActiveCfg = Debug|Any CPU
		{E9D16D54-5634-4977-AD4B-D668AD94651C}.Debug|Any CPU.Build.0 = Debug|Any CPU
		{E9D16D54-5634-4977-AD4B-D668AD94651C}.Debug|x86.ActiveCfg = Debug|x86
		{E9D16D54-5634-4977-AD4B-D668AD94651C}.Debug|x86.Build.0 = Debug|x86
		{E9D16D54-5634-4977-AD4B-D668AD94651C}.Release|Any CPU.ActiveCfg = Release|Any CPU
		{E9D16D54-5634-4977-AD4B-D668AD94651C}.Release|Any CPU.Build.0 = Release|Any CPU
		{E9D16D54-5634-4977-AD4B-D668AD94651C}.Release|x86.ActiveCfg = Release|x86
		{E9D16D54-5634-4977-AD4B-D668AD94651C}.Release|x86.Build.0 = Release|x86
		{EEB3EDCE-05A8-4EA4-BB8F-D36D1DA90B68}.Debug|Any CPU.ActiveCfg = Debug|Any CPU
		{EEB3EDCE-05A8-4EA4-BB8F-D36D1DA90B68}.Debug|Any CPU.Build.0 = Debug|Any CPU
		{EEB3EDCE-05A8-4EA4-BB8F-D36D1DA90B68}.Debug|x86.ActiveCfg = Debug|x86
		{EEB3EDCE-05A8-4EA4-BB8F-D36D1DA90B68}.Debug|x86.Build.0 = Debug|x86
		{EEB3EDCE-05A8-4EA4-BB8F-D36D1DA90B68}.Release|Any CPU.ActiveCfg = Release|Any CPU
		{EEB3EDCE-05A8-4EA4-BB8F-D36D1DA90B68}.Release|Any CPU.Build.0 = Release|Any CPU
		{EEB3EDCE-05A8-4EA4-BB8F-D36D1DA90B68}.Release|x86.ActiveCfg = Release|x86
		{EEB3EDCE-05A8-4EA4-BB8F-D36D1DA90B68}.Release|x86.Build.0 = Release|x86
		{B74D368A-020D-4327-8392-E92CC78B8E39}.Debug|Any CPU.ActiveCfg = Debug|Any CPU
		{B74D368A-020D-4327-8392-E92CC78B8E39}.Debug|Any CPU.Build.0 = Debug|Any CPU
		{B74D368A-020D-4327-8392-E92CC78B8E39}.Debug|x86.ActiveCfg = Debug|x86
		{B74D368A-020D-4327-8392-E92CC78B8E39}.Debug|x86.Build.0 = Debug|x86
		{B74D368A-020D-4327-8392-E92CC78B8E39}.Release|Any CPU.ActiveCfg = Release|Any CPU
		{B74D368A-020D-4327-8392-E92CC78B8E39}.Release|Any CPU.Build.0 = Release|Any CPU
		{B74D368A-020D-4327-8392-E92CC78B8E39}.Release|x86.ActiveCfg = Release|x86
		{B74D368A-020D-4327-8392-E92CC78B8E39}.Release|x86.Build.0 = Release|x86
	EndGlobalSection
	GlobalSection(SolutionProperties) = preSolution
		HideSolutionNode = FALSE
	EndGlobalSection
	GlobalSection(NestedProjects) = preSolution
		{C5ACECA6-8DD6-4737-A2C6-069BED71CAEE} = {66A12A11-802B-4277-879F-10655CA9A592}
		{C65718EF-9C4C-4736-A3B3-3ABFADEA7E11} = {66A12A11-802B-4277-879F-10655CA9A592}
		{D58641C7-E10E-4945-A98A-68BE38733F85} = {66A12A11-802B-4277-879F-10655CA9A592}
		{CCB497F1-B4C6-46FF-8B5D-DD42AA572EC4} = {66A12A11-802B-4277-879F-10655CA9A592}
		{E94524CD-8C2B-4AE4-AEC2-E299C019F495} = {66A12A11-802B-4277-879F-10655CA9A592}
		{F6AD16DA-0F99-4DB5-B36F-A6D84F0E1334} = {66A12A11-802B-4277-879F-10655CA9A592}
		{C358B5A9-ADE1-46C9-A575-29F8A9CF27B9} = {66A12A11-802B-4277-879F-10655CA9A592}
		{3CB5750D-7316-403D-BA70-6BB7E5F96983} = {66A12A11-802B-4277-879F-10655CA9A592}
		{8B9CED5D-BCF8-4F3B-A904-1D048D339E76} = {66A12A11-802B-4277-879F-10655CA9A592}
		{2D9AC22B-9EC9-4C4A-8C70-78C5283E5055} = {66A12A11-802B-4277-879F-10655CA9A592}
		{60871DDE-EB13-4300-B6A7-C0E7CC3E052F} = {66A12A11-802B-4277-879F-10655CA9A592}
		{4DFD3F8C-9D7A-41EF-848A-96515EF162D9} = {66A12A11-802B-4277-879F-10655CA9A592}
		{540F18C0-1B89-4386-9DDB-AF22D046EED8} = {66A12A11-802B-4277-879F-10655CA9A592}
		{52565849-5C40-42BD-B218-A932D842FAE6} = {66A12A11-802B-4277-879F-10655CA9A592}
		{346670D4-73AC-4B37-B4DE-24003753BB34} = {66A12A11-802B-4277-879F-10655CA9A592}
		{165FF276-8709-47EF-9431-B83F2078EDA9} = {66A12A11-802B-4277-879F-10655CA9A592}
		{566906D0-9D38-4071-B9A9-840D9A0197FD} = {66A12A11-802B-4277-879F-10655CA9A592}
		{12C24F25-281C-4311-B84D-0CE505C6DE31} = {66A12A11-802B-4277-879F-10655CA9A592}
		{43FF45A9-6800-466C-934B-A7B923D62EE4} = {66A12A11-802B-4277-879F-10655CA9A592}
		{6A6AE9F9-3BCB-4DC8-9553-545D95C4FAAB} = {66A12A11-802B-4277-879F-10655CA9A592}
		{1396A325-14ED-4E3D-B699-E2C27F89A6EF} = {66A12A11-802B-4277-879F-10655CA9A592}
		{683F9741-F793-4D7A-8BE9-94090FD0ACB1} = {66A12A11-802B-4277-879F-10655CA9A592}
		{E9D16D54-5634-4977-AD4B-D668AD94651C} = {66A12A11-802B-4277-879F-10655CA9A592}
		{EEB3EDCE-05A8-4EA4-BB8F-D36D1DA90B68} = {66A12A11-802B-4277-879F-10655CA9A592}
		{B74D368A-020D-4327-8392-E92CC78B8E39} = {66A12A11-802B-4277-879F-10655CA9A592}
		{B93BADDE-0678-4A25-AD54-CC38DAA26C98} = {72BBD823-7C80-4931-AF36-2E8A1A879450}
		{A099EC20-8646-4FF2-A917-FFB2658F7422} = {72BBD823-7C80-4931-AF36-2E8A1A879450}
		{12E9444A-21B5-4056-84FF-1BE0E25879C4} = {73B09B64-4DCD-4B1C-99AC-EC6A8E170BBE}
		{A991A402-7386-4D02-A403-18E329A89D74} = {73B09B64-4DCD-4B1C-99AC-EC6A8E170BBE}
		{45195133-3C0B-4AD3-B126-407D113FF60D} = {73B09B64-4DCD-4B1C-99AC-EC6A8E170BBE}
		{7F0CC020-4250-41AB-A48B-E2E8E310B52D} = {73B09B64-4DCD-4B1C-99AC-EC6A8E170BBE}
		{D663B602-6688-418B-A681-67269C86447B} = {73B09B64-4DCD-4B1C-99AC-EC6A8E170BBE}
		{B84AABF2-0720-401E-8569-CB2995C91E5C} = {73B09B64-4DCD-4B1C-99AC-EC6A8E170BBE}
		{99C2FE0F-B15B-4A79-9AFE-8E347733D6F7} = {73B09B64-4DCD-4B1C-99AC-EC6A8E170BBE}
		{352C30DA-AF87-4DF7-8AE1-FEDADF225FFC} = {73B09B64-4DCD-4B1C-99AC-EC6A8E170BBE}
		{63362CEB-127A-4E09-9D2D-BCA979460442} = {73B09B64-4DCD-4B1C-99AC-EC6A8E170BBE}
		{AE28C791-1B44-4563-B4B8-9747CF0563D2} = {73B09B64-4DCD-4B1C-99AC-EC6A8E170BBE}
	EndGlobalSection
EndGlobal
