
Microsoft Visual Studio Solution File, Format Version 10.00
# Visual Studio 2008
Project("{2150E333-8FDC-42A3-9474-1A3956D46DE8}") = "MAIN", "MAIN", "{EB08AD6D-6292-42C2-A179-ED86A090766C}"
EndProject
Project("{2150E333-8FDC-42A3-9474-1A3956D46DE8}") = "LIS", "LIS", "{AD9A4605-A777-411E-BF06-58F2244CE3E0}"
EndProject
Project("{F184B08F-C81C-45F6-A57F-5ABD9991F28F}") = "EMR_TESTo", "EMR_TESTo\EMR_TESTo.vbproj", "{5788C332-518B-4177-80BA-493C7328EF31}"
EndProject
Project("{F184B08F-C81C-45F6-A57F-5ABD9991F28F}") = "DBORA", "..\ACK@LISo\CommonDLL\DBORA\DBORA.vbproj", "{087DB795-9EDE-4677-A142-22ECF244C93F}"
EndProject
Project("{F184B08F-C81C-45F6-A57F-5ABD9991F28F}") = "COMMON", "..\ACK@LISo\CommonDLL\COMMON\COMMON.vbproj", "{1F75693B-5127-4C5B-8926-2FE762C42C1B}"
EndProject
Project("{F184B08F-C81C-45F6-A57F-5ABD9991F28F}") = "CDHELP", "..\ACK@LISo\CommonDLL\CDHELP\CDHELP.vbproj", "{C862E58F-5AD2-4B8A-9EE2-F18597DEB520}"
EndProject
Global
	GlobalSection(SolutionConfigurationPlatforms) = preSolution
		Debug|Any CPU = Debug|Any CPU
		Release|Any CPU = Release|Any CPU
	EndGlobalSection
	GlobalSection(ProjectConfigurationPlatforms) = postSolution
		{5788C332-518B-4177-80BA-493C7328EF31}.Debug|Any CPU.ActiveCfg = Debug|Any CPU
		{5788C332-518B-4177-80BA-493C7328EF31}.Debug|Any CPU.Build.0 = Debug|Any CPU
		{5788C332-518B-4177-80BA-493C7328EF31}.Release|Any CPU.ActiveCfg = Release|Any CPU
		{5788C332-518B-4177-80BA-493C7328EF31}.Release|Any CPU.Build.0 = Release|Any CPU
		{087DB795-9EDE-4677-A142-22ECF244C93F}.Debug|Any CPU.ActiveCfg = Debug|Any CPU
		{087DB795-9EDE-4677-A142-22ECF244C93F}.Debug|Any CPU.Build.0 = Debug|Any CPU
		{087DB795-9EDE-4677-A142-22ECF244C93F}.Release|Any CPU.ActiveCfg = Release|Any CPU
		{087DB795-9EDE-4677-A142-22ECF244C93F}.Release|Any CPU.Build.0 = Release|Any CPU
		{1F75693B-5127-4C5B-8926-2FE762C42C1B}.Debug|Any CPU.ActiveCfg = Debug|Any CPU
		{1F75693B-5127-4C5B-8926-2FE762C42C1B}.Debug|Any CPU.Build.0 = Debug|Any CPU
		{1F75693B-5127-4C5B-8926-2FE762C42C1B}.Release|Any CPU.ActiveCfg = Release|Any CPU
		{1F75693B-5127-4C5B-8926-2FE762C42C1B}.Release|Any CPU.Build.0 = Release|Any CPU
		{C862E58F-5AD2-4B8A-9EE2-F18597DEB520}.Debug|Any CPU.ActiveCfg = Debug|Any CPU
		{C862E58F-5AD2-4B8A-9EE2-F18597DEB520}.Debug|Any CPU.Build.0 = Debug|Any CPU
		{C862E58F-5AD2-4B8A-9EE2-F18597DEB520}.Release|Any CPU.ActiveCfg = Release|Any CPU
		{C862E58F-5AD2-4B8A-9EE2-F18597DEB520}.Release|Any CPU.Build.0 = Release|Any CPU
	EndGlobalSection
	GlobalSection(SolutionProperties) = preSolution
		HideSolutionNode = FALSE
	EndGlobalSection
	GlobalSection(NestedProjects) = preSolution
		{5788C332-518B-4177-80BA-493C7328EF31} = {EB08AD6D-6292-42C2-A179-ED86A090766C}
		{087DB795-9EDE-4677-A142-22ECF244C93F} = {AD9A4605-A777-411E-BF06-58F2244CE3E0}
		{1F75693B-5127-4C5B-8926-2FE762C42C1B} = {AD9A4605-A777-411E-BF06-58F2244CE3E0}
		{C862E58F-5AD2-4B8A-9EE2-F18597DEB520} = {AD9A4605-A777-411E-BF06-58F2244CE3E0}
	EndGlobalSection
EndGlobal
